// !$*UTF8*$!
{
	archiveVersion = 1;
	classes = {
	};
	objectVersion = 56;
	objects = {

/* Begin PBXBuildFile section */
		58C0FB2329FF3B8F00B0DCB7 /* AuthentificationView.swift in Sources */ = {isa = PBXBuildFile; fileRef = 58C0FB2229FF3B8F00B0DCB7 /* AuthentificationView.swift */; };
		58C0FB2729FF3CF300B0DCB7 /* SignInEmailView.swift in Sources */ = {isa = PBXBuildFile; fileRef = 58C0FB2629FF3CF300B0DCB7 /* SignInEmailView.swift */; };
		58C0FB2929FF3E8100B0DCB7 /* AuthentificationManager.swift in Sources */ = {isa = PBXBuildFile; fileRef = 58C0FB2829FF3E8100B0DCB7 /* AuthentificationManager.swift */; };
		58E1037D29FFEBEE007BAA9F /* RootView.swift in Sources */ = {isa = PBXBuildFile; fileRef = 58E1037C29FFEBEE007BAA9F /* RootView.swift */; };
		58E1037F29FFEE99007BAA9F /* SettingsView.swift in Sources */ = {isa = PBXBuildFile; fileRef = 58E1037E29FFEE99007BAA9F /* SettingsView.swift */; };
		58E1038129FFF247007BAA9F /* SwiftAuthentificationApp.swift in Sources */ = {isa = PBXBuildFile; fileRef = 58E1038029FFF247007BAA9F /* SwiftAuthentificationApp.swift */; };
		58EBB57A29F9AA6D0064D969 /* AppDelegate.swift in Sources */ = {isa = PBXBuildFile; fileRef = 58EBB57929F9AA6D0064D969 /* AppDelegate.swift */; };
		58EBB57C29F9AA6D0064D969 /* SceneDelegate.swift in Sources */ = {isa = PBXBuildFile; fileRef = 58EBB57B29F9AA6D0064D969 /* SceneDelegate.swift */; };
		58EBB57E29F9AA6D0064D969 /* ViewController.swift in Sources */ = {isa = PBXBuildFile; fileRef = 58EBB57D29F9AA6D0064D969 /* ViewController.swift */; };
		58EBB58129F9AA6D0064D969 /* Main.storyboard in Resources */ = {isa = PBXBuildFile; fileRef = 58EBB57F29F9AA6D0064D969 /* Main.storyboard */; };
		58EBB58329F9AA6F0064D969 /* Assets.xcassets in Resources */ = {isa = PBXBuildFile; fileRef = 58EBB58229F9AA6F0064D969 /* Assets.xcassets */; };
		58EBB58629F9AA6F0064D969 /* LaunchScreen.storyboard in Resources */ = {isa = PBXBuildFile; fileRef = 58EBB58429F9AA6F0064D969 /* LaunchScreen.storyboard */; };
		58EBB58E29F9AB7D0064D969 /* GoogleService-Info.plist in Resources */ = {isa = PBXBuildFile; fileRef = 58EBB58D29F9AB7C0064D969 /* GoogleService-Info.plist */; };
		58EBB59129F9AD1A0064D969 /* FirebaseAuth in Frameworks */ = {isa = PBXBuildFile; productRef = 58EBB59029F9AD1A0064D969 /* FirebaseAuth */; };
		58EBB59329F9AD1A0064D969 /* FirebaseFirestore in Frameworks */ = {isa = PBXBuildFile; productRef = 58EBB59229F9AD1A0064D969 /* FirebaseFirestore */; };
/* End PBXBuildFile section */

/* Begin PBXFileReference section */
		58C0FB2229FF3B8F00B0DCB7 /* AuthentificationView.swift */ = {isa = PBXFileReference; lastKnownFileType = sourcecode.swift; path = AuthentificationView.swift; sourceTree = "<group>"; };
		58C0FB2629FF3CF300B0DCB7 /* SignInEmailView.swift */ = {isa = PBXFileReference; lastKnownFileType = sourcecode.swift; path = SignInEmailView.swift; sourceTree = "<group>"; };
		58C0FB2829FF3E8100B0DCB7 /* AuthentificationManager.swift */ = {isa = PBXFileReference; lastKnownFileType = sourcecode.swift; path = AuthentificationManager.swift; sourceTree = "<group>"; };
		58E1037C29FFEBEE007BAA9F /* RootView.swift */ = {isa = PBXFileReference; lastKnownFileType = sourcecode.swift; path = RootView.swift; sourceTree = "<group>"; };
		58E1037E29FFEE99007BAA9F /* SettingsView.swift */ = {isa = PBXFileReference; lastKnownFileType = sourcecode.swift; path = SettingsView.swift; sourceTree = "<group>"; };
		58E1038029FFF247007BAA9F /* SwiftAuthentificationApp.swift */ = {isa = PBXFileReference; lastKnownFileType = sourcecode.swift; path = SwiftAuthentificationApp.swift; sourceTree = "<group>"; };
		58EBB57629F9AA6D0064D969 /* SwiftAuthentification.app */ = {isa = PBXFileReference; explicitFileType = wrapper.application; includeInIndex = 0; path = SwiftAuthentification.app; sourceTree = BUILT_PRODUCTS_DIR; };
		58EBB57929F9AA6D0064D969 /* AppDelegate.swift */ = {isa = PBXFileReference; lastKnownFileType = sourcecode.swift; path = AppDelegate.swift; sourceTree = "<group>"; };
		58EBB57B29F9AA6D0064D969 /* SceneDelegate.swift */ = {isa = PBXFileReference; lastKnownFileType = sourcecode.swift; path = SceneDelegate.swift; sourceTree = "<group>"; };
		58EBB57D29F9AA6D0064D969 /* ViewController.swift */ = {isa = PBXFileReference; lastKnownFileType = sourcecode.swift; path = ViewController.swift; sourceTree = "<group>"; };
		58EBB58029F9AA6D0064D969 /* Base */ = {isa = PBXFileReference; lastKnownFileType = file.storyboard; name = Base; path = Base.lproj/Main.storyboard; sourceTree = "<group>"; };
		58EBB58229F9AA6F0064D969 /* Assets.xcassets */ = {isa = PBXFileReference; lastKnownFileType = folder.assetcatalog; path = Assets.xcassets; sourceTree = "<group>"; };
		58EBB58529F9AA6F0064D969 /* Base */ = {isa = PBXFileReference; lastKnownFileType = file.storyboard; name = Base; path = Base.lproj/LaunchScreen.storyboard; sourceTree = "<group>"; };
		58EBB58729F9AA6F0064D969 /* Info.plist */ = {isa = PBXFileReference; lastKnownFileType = text.plist.xml; path = Info.plist; sourceTree = "<group>"; };
		58EBB58D29F9AB7C0064D969 /* GoogleService-Info.plist */ = {isa = PBXFileReference; fileEncoding = 4; lastKnownFileType = text.plist.xml; path = "GoogleService-Info.plist"; sourceTree = "<group>"; };
/* End PBXFileReference section */

/* Begin PBXFrameworksBuildPhase section */
		58EBB57329F9AA6C0064D969 /* Frameworks */ = {
			isa = PBXFrameworksBuildPhase;
			buildActionMask = 2147483647;
			files = (
				58EBB59129F9AD1A0064D969 /* FirebaseAuth in Frameworks */,
				58EBB59329F9AD1A0064D969 /* FirebaseFirestore in Frameworks */,
			);
			runOnlyForDeploymentPostprocessing = 0;
		};
/* End PBXFrameworksBuildPhase section */

/* Begin PBXGroup section */
		58C0FB2129FF3B5A00B0DCB7 /* Auth */ = {
			isa = PBXGroup;
			children = (
				58C0FB2629FF3CF300B0DCB7 /* SignInEmailView.swift */,
				58E1037E29FFEE99007BAA9F /* SettingsView.swift */,
				58C0FB2829FF3E8100B0DCB7 /* AuthentificationManager.swift */,
				58C0FB2229FF3B8F00B0DCB7 /* AuthentificationView.swift */,
			);
			path = Auth;
			sourceTree = "<group>";
		};
		58EBB56D29F9AA6C0064D969 = {
			isa = PBXGroup;
			children = (
				58EBB57829F9AA6D0064D969 /* SwiftAuthentification */,
				58EBB57729F9AA6D0064D969 /* Products */,
			);
			sourceTree = "<group>";
		};
		58EBB57729F9AA6D0064D969 /* Products */ = {
			isa = PBXGroup;
			children = (
				58EBB57629F9AA6D0064D969 /* SwiftAuthentification.app */,
			);
			name = Products;
			sourceTree = "<group>";
		};
		58EBB57829F9AA6D0064D969 /* SwiftAuthentification */ = {
			isa = PBXGroup;
			children = (
				58C0FB2129FF3B5A00B0DCB7 /* Auth */,
				58EBB58D29F9AB7C0064D969 /* GoogleService-Info.plist */,
				58EBB57929F9AA6D0064D969 /* AppDelegate.swift */,
				58E1038029FFF247007BAA9F /* SwiftAuthentificationApp.swift */,
				58EBB57B29F9AA6D0064D969 /* SceneDelegate.swift */,
				58EBB57D29F9AA6D0064D969 /* ViewController.swift */,
				58EBB57F29F9AA6D0064D969 /* Main.storyboard */,
				58EBB58229F9AA6F0064D969 /* Assets.xcassets */,
				58EBB58429F9AA6F0064D969 /* LaunchScreen.storyboard */,
				58EBB58729F9AA6F0064D969 /* Info.plist */,
				58E1037C29FFEBEE007BAA9F /* RootView.swift */,
			);
			path = SwiftAuthentification;
			sourceTree = "<group>";
		};
/* End PBXGroup section */

/* Begin PBXNativeTarget section */
		58EBB57529F9AA6C0064D969 /* SwiftAuthentification */ = {
			isa = PBXNativeTarget;
			buildConfigurationList = 58EBB58A29F9AA6F0064D969 /* Build configuration list for PBXNativeTarget "SwiftAuthentification" */;
			buildPhases = (
				58EBB57229F9AA6C0064D969 /* Sources */,
				58EBB57329F9AA6C0064D969 /* Frameworks */,
				58EBB57429F9AA6C0064D969 /* Resources */,
			);
			buildRules = (
			);
			dependencies = (
			);
			name = SwiftAuthentification;
			packageProductDependencies = (
				58EBB59029F9AD1A0064D969 /* FirebaseAuth */,
				58EBB59229F9AD1A0064D969 /* FirebaseFirestore */,
			);
			productName = SwiftAuthentification;
			productReference = 58EBB57629F9AA6D0064D969 /* SwiftAuthentification.app */;
			productType = "com.apple.product-type.application";
		};
/* End PBXNativeTarget section */

/* Begin PBXProject section */
		58EBB56E29F9AA6C0064D969 /* Project object */ = {
			isa = PBXProject;
			attributes = {
				BuildIndependentTargetsInParallel = 1;
				LastSwiftUpdateCheck = 1420;
				LastUpgradeCheck = 1420;
				TargetAttributes = {
					58EBB57529F9AA6C0064D969 = {
						CreatedOnToolsVersion = 14.2;
					};
				};
			};
			buildConfigurationList = 58EBB57129F9AA6C0064D969 /* Build configuration list for PBXProject "SwiftAuthentification" */;
			compatibilityVersion = "Xcode 14.0";
			developmentRegion = en;
			hasScannedForEncodings = 0;
			knownRegions = (
				en,
				Base,
			);
			mainGroup = 58EBB56D29F9AA6C0064D969;
			packageReferences = (
				58EBB58F29F9AD1A0064D969 /* XCRemoteSwiftPackageReference "firebase-ios-sdk" */,
			);
			productRefGroup = 58EBB57729F9AA6D0064D969 /* Products */;
			projectDirPath = "";
			projectRoot = "";
			targets = (
				58EBB57529F9AA6C0064D969 /* SwiftAuthentification */,
			);
		};
/* End PBXProject section */

/* Begin PBXResourcesBuildPhase section */
		58EBB57429F9AA6C0064D969 /* Resources */ = {
			isa = PBXResourcesBuildPhase;
			buildActionMask = 2147483647;
			files = (
				58EBB58629F9AA6F0064D969 /* LaunchScreen.storyboard in Resources */,
				58EBB58E29F9AB7D0064D969 /* GoogleService-Info.plist in Resources */,
				58EBB58329F9AA6F0064D969 /* Assets.xcassets in Resources */,
				58EBB58129F9AA6D0064D969 /* Main.storyboard in Resources */,
			);
			runOnlyForDeploymentPostprocessing = 0;
		};
/* End PBXResourcesBuildPhase section */

/* Begin PBXSourcesBuildPhase section */
		58EBB57229F9AA6C0064D969 /* Sources */ = {
			isa = PBXSourcesBuildPhase;
			buildActionMask = 2147483647;
			files = (
				58EBB57E29F9AA6D0064D969 /* ViewController.swift in Sources */,
				58E1037F29FFEE99007BAA9F /* SettingsView.swift in Sources */,
				58EBB57A29F9AA6D0064D969 /* AppDelegate.swift in Sources */,
				58E1038129FFF247007BAA9F /* SwiftAuthentificationApp.swift in Sources */,
				58C0FB2929FF3E8100B0DCB7 /* AuthentificationManager.swift in Sources */,
				58EBB57C29F9AA6D0064D969 /* SceneDelegate.swift in Sources */,
				58E1037D29FFEBEE007BAA9F /* RootView.swift in Sources */,
				58C0FB2329FF3B8F00B0DCB7 /* AuthentificationView.swift in Sources */,
				58C0FB2729FF3CF300B0DCB7 /* SignInEmailView.swift in Sources */,
			);
			runOnlyForDeploymentPostprocessing = 0;
		};
/* End PBXSourcesBuildPhase section */

/* Begin PBXVariantGroup section */
		58EBB57F29F9AA6D0064D969 /* Main.storyboard */ = {
			isa = PBXVariantGroup;
			children = (
				58EBB58029F9AA6D0064D969 /* Base */,
			);
			name = Main.storyboard;
			sourceTree = "<group>";
		};
		58EBB58429F9AA6F0064D969 /* LaunchScreen.storyboard */ = {
			isa = PBXVariantGroup;
			children = (
				58EBB58529F9AA6F0064D969 /* Base */,
			);
			name = LaunchScreen.storyboard;
			sourceTree = "<group>";
		};
/* End PBXVariantGroup section */

/* Begin XCBuildConfiguration section */
		58EBB58829F9AA6F0064D969 /* Debug */ = {
			isa = XCBuildConfiguration;
			buildSettings = {
				ALWAYS_SEARCH_USER_PATHS = NO;
				CLANG_ANALYZER_NONNULL = YES;
				CLANG_ANALYZER_NUMBER_OBJECT_CONVERSION = YES_AGGRESSIVE;
				CLANG_CXX_LANGUAGE_STANDARD = "gnu++20";
				CLANG_ENABLE_MODULES = YES;
				CLANG_ENABLE_OBJC_ARC = YES;
				CLANG_ENABLE_OBJC_WEAK = YES;
				CLANG_WARN_BLOCK_CAPTURE_AUTORELEASING = YES;
				CLANG_WARN_BOOL_CONVERSION = YES;
				CLANG_WARN_COMMA = YES;
				CLANG_WARN_CONSTANT_CONVERSION = YES;
				CLANG_WARN_DEPRECATED_OBJC_IMPLEMENTATIONS = YES;
				CLANG_WARN_DIRECT_OBJC_ISA_USAGE = YES_ERROR;
				CLANG_WARN_DOCUMENTATION_COMMENTS = YES;
				CLANG_WARN_EMPTY_BODY = YES;
				CLANG_WARN_ENUM_CONVERSION = YES;
				CLANG_WARN_INFINITE_RECURSION = YES;
				CLANG_WARN_INT_CONVERSION = YES;
				CLANG_WARN_NON_LITERAL_NULL_CONVERSION = YES;
				CLANG_WARN_OBJC_IMPLICIT_RETAIN_SELF = YES;
				CLANG_WARN_OBJC_LITERAL_CONVERSION = YES;
				CLANG_WARN_OBJC_ROOT_CLASS = YES_ERROR;
				CLANG_WARN_QUOTED_INCLUDE_IN_FRAMEWORK_HEADER = YES;
				CLANG_WARN_RANGE_LOOP_ANALYSIS = YES;
				CLANG_WARN_STRICT_PROTOTYPES = YES;
				CLANG_WARN_SUSPICIOUS_MOVE = YES;
				CLANG_WARN_UNGUARDED_AVAILABILITY = YES_AGGRESSIVE;
				CLANG_WARN_UNREACHABLE_CODE = YES;
				CLANG_WARN__DUPLICATE_METHOD_MATCH = YES;
				COPY_PHASE_STRIP = NO;
				DEBUG_INFORMATION_FORMAT = dwarf;
				ENABLE_STRICT_OBJC_MSGSEND = YES;
				ENABLE_TESTABILITY = YES;
				GCC_C_LANGUAGE_STANDARD = gnu11;
				GCC_DYNAMIC_NO_PIC = NO;
				GCC_NO_COMMON_BLOCKS = YES;
				GCC_OPTIMIZATION_LEVEL = 0;
				GCC_PREPROCESSOR_DEFINITIONS = (
					"DEBUG=1",
					"$(inherited)",
				);
				GCC_WARN_64_TO_32_BIT_CONVERSION = YES;
				GCC_WARN_ABOUT_RETURN_TYPE = YES_ERROR;
				GCC_WARN_UNDECLARED_SELECTOR = YES;
				GCC_WARN_UNINITIALIZED_AUTOS = YES_AGGRESSIVE;
				GCC_WARN_UNUSED_FUNCTION = YES;
				GCC_WARN_UNUSED_VARIABLE = YES;
				IPHONEOS_DEPLOYMENT_TARGET = 16.2;
				MTL_ENABLE_DEBUG_INFO = INCLUDE_SOURCE;
				MTL_FAST_MATH = YES;
				ONLY_ACTIVE_ARCH = YES;
				SDKROOT = iphoneos;
				SWIFT_ACTIVE_COMPILATION_CONDITIONS = DEBUG;
				SWIFT_OPTIMIZATION_LEVEL = "-Onone";
			};
			name = Debug;
		};
		58EBB58929F9AA6F0064D969 /* Release */ = {
			isa = XCBuildConfiguration;
			buildSettings = {
				ALWAYS_SEARCH_USER_PATHS = NO;
				CLANG_ANALYZER_NONNULL = YES;
				CLANG_ANALYZER_NUMBER_OBJECT_CONVERSION = YES_AGGRESSIVE;
				CLANG_CXX_LANGUAGE_STANDARD = "gnu++20";
				CLANG_ENABLE_MODULES = YES;
				CLANG_ENABLE_OBJC_ARC = YES;
				CLANG_ENABLE_OBJC_WEAK = YES;
				CLANG_WARN_BLOCK_CAPTURE_AUTORELEASING = YES;
				CLANG_WARN_BOOL_CONVERSION = YES;
				CLANG_WARN_COMMA = YES;
				CLANG_WARN_CONSTANT_CONVERSION = YES;
				CLANG_WARN_DEPRECATED_OBJC_IMPLEMENTATIONS = YES;
				CLANG_WARN_DIRECT_OBJC_ISA_USAGE = YES_ERROR;
				CLANG_WARN_DOCUMENTATION_COMMENTS = YES;
				CLANG_WARN_EMPTY_BODY = YES;
				CLANG_WARN_ENUM_CONVERSION = YES;
				CLANG_WARN_INFINITE_RECURSION = YES;
				CLANG_WARN_INT_CONVERSION = YES;
				CLANG_WARN_NON_LITERAL_NULL_CONVERSION = YES;
				CLANG_WARN_OBJC_IMPLICIT_RETAIN_SELF = YES;
				CLANG_WARN_OBJC_LITERAL_CONVERSION = YES;
				CLANG_WARN_OBJC_ROOT_CLASS = YES_ERROR;
				CLANG_WARN_QUOTED_INCLUDE_IN_FRAMEWORK_HEADER = YES;
				CLANG_WARN_RANGE_LOOP_ANALYSIS = YES;
				CLANG_WARN_STRICT_PROTOTYPES = YES;
				CLANG_WARN_SUSPICIOUS_MOVE = YES;
				CLANG_WARN_UNGUARDED_AVAILABILITY = YES_AGGRESSIVE;
				CLANG_WARN_UNREACHABLE_CODE = YES;
				CLANG_WARN__DUPLICATE_METHOD_MATCH = YES;
				COPY_PHASE_STRIP = NO;
				DEBUG_INFORMATION_FORMAT = "dwarf-with-dsym";
				ENABLE_NS_ASSERTIONS = NO;
				ENABLE_STRICT_OBJC_MSGSEND = YES;
				GCC_C_LANGUAGE_STANDARD = gnu11;
				GCC_NO_COMMON_BLOCKS = YES;
				GCC_WARN_64_TO_32_BIT_CONVERSION = YES;
				GCC_WARN_ABOUT_RETURN_TYPE = YES_ERROR;
				GCC_WARN_UNDECLARED_SELECTOR = YES;
				GCC_WARN_UNINITIALIZED_AUTOS = YES_AGGRESSIVE;
				GCC_WARN_UNUSED_FUNCTION = YES;
				GCC_WARN_UNUSED_VARIABLE = YES;
				IPHONEOS_DEPLOYMENT_TARGET = 16.2;
				MTL_ENABLE_DEBUG_INFO = NO;
				MTL_FAST_MATH = YES;
				SDKROOT = iphoneos;
				SWIFT_COMPILATION_MODE = wholemodule;
				SWIFT_OPTIMIZATION_LEVEL = "-O";
				VALIDATE_PRODUCT = YES;
			};
			name = Release;
		};
		58EBB58B29F9AA6F0064D969 /* Debug */ = {
			isa = XCBuildConfiguration;
			buildSettings = {
				ASSETCATALOG_COMPILER_APPICON_NAME = AppIcon;
				ASSETCATALOG_COMPILER_GLOBAL_ACCENT_COLOR_NAME = AccentColor;
				CODE_SIGN_STYLE = Automatic;
				CURRENT_PROJECT_VERSION = 1;
				DEVELOPMENT_TEAM = 7UHLQ629Y4;
				GENERATE_INFOPLIST_FILE = YES;
				INFOPLIST_FILE = SwiftAuthentification/Info.plist;
				INFOPLIST_KEY_UIApplicationSupportsIndirectInputEvents = YES;
				INFOPLIST_KEY_UILaunchStoryboardName = LaunchScreen;
				INFOPLIST_KEY_UIMainStoryboardFile = Main;
				INFOPLIST_KEY_UISupportedInterfaceOrientations_iPad = "UIInterfaceOrientationPortrait UIInterfaceOrientationPortraitUpsideDown UIInterfaceOrientationLandscapeLeft UIInterfaceOrientationLandscapeRight";
				INFOPLIST_KEY_UISupportedInterfaceOrientations_iPhone = "UIInterfaceOrientationPortrait UIInterfaceOrientationLandscapeLeft UIInterfaceOrientationLandscapeRight";
				LD_RUNPATH_SEARCH_PATHS = (
					"$(inherited)",
					"@executable_path/Frameworks",
				);
				MARKETING_VERSION = 1.0;
				PRODUCT_BUNDLE_IDENTIFIER = com.wayne.SwiftAuthentification;
				PRODUCT_NAME = "$(TARGET_NAME)";
				SWIFT_EMIT_LOC_STRINGS = YES;
				SWIFT_VERSION = 5.0;
				TARGETED_DEVICE_FAMILY = "1,2";
			};
			name = Debug;
		};
		58EBB58C29F9AA6F0064D969 /* Release */ = {
			isa = XCBuildConfiguration;
			buildSettings = {
				ASSETCATALOG_COMPILER_APPICON_NAME = AppIcon;
				ASSETCATALOG_COMPILER_GLOBAL_ACCENT_COLOR_NAME = AccentColor;
				CODE_SIGN_STYLE = Automatic;
				CURRENT_PROJECT_VERSION = 1;
				DEVELOPMENT_TEAM = 7UHLQ629Y4;
				GENERATE_INFOPLIST_FILE = YES;
				INFOPLIST_FILE = SwiftAuthentification/Info.plist;
				INFOPLIST_KEY_UIApplicationSupportsIndirectInputEvents = YES;
				INFOPLIST_KEY_UILaunchStoryboardName = LaunchScreen;
				INFOPLIST_KEY_UIMainStoryboardFile = Main;
				INFOPLIST_KEY_UISupportedInterfaceOrientations_iPad = "UIInterfaceOrientationPortrait UIInterfaceOrientationPortraitUpsideDown UIInterfaceOrientationLandscapeLeft UIInterfaceOrientationLandscapeRight";
				INFOPLIST_KEY_UISupportedInterfaceOrientations_iPhone = "UIInterfaceOrientationPortrait UIInterfaceOrientationLandscapeLeft UIInterfaceOrientationLandscapeRight";
				LD_RUNPATH_SEARCH_PATHS = (
					"$(inherited)",
					"@executable_path/Frameworks",
				);
				MARKETING_VERSION = 1.0;
				PRODUCT_BUNDLE_IDENTIFIER = com.wayne.SwiftAuthentification;
				PRODUCT_NAME = "$(TARGET_NAME)";
				SWIFT_EMIT_LOC_STRINGS = YES;
				SWIFT_VERSION = 5.0;
				TARGETED_DEVICE_FAMILY = "1,2";
			};
			name = Release;
		};
/* End XCBuildConfiguration section */

/* Begin XCConfigurationList section */
		58EBB57129F9AA6C0064D969 /* Build configuration list for PBXProject "SwiftAuthentification" */ = {
			isa = XCConfigurationList;
			buildConfigurations = (
				58EBB58829F9AA6F0064D969 /* Debug */,
				58EBB58929F9AA6F0064D969 /* Release */,
			);
			defaultConfigurationIsVisible = 0;
			defaultConfigurationName = Release;
		};
		58EBB58A29F9AA6F0064D969 /* Build configuration list for PBXNativeTarget "SwiftAuthentification" */ = {
			isa = XCConfigurationList;
			buildConfigurations = (
				58EBB58B29F9AA6F0064D969 /* Debug */,
				58EBB58C29F9AA6F0064D969 /* Release */,
			);
			defaultConfigurationIsVisible = 0;
			defaultConfigurationName = Release;
		};
/* End XCConfigurationList section */

/* Begin XCRemoteSwiftPackageReference section */
		58EBB58F29F9AD1A0064D969 /* XCRemoteSwiftPackageReference "firebase-ios-sdk" */ = {
			isa = XCRemoteSwiftPackageReference;
			repositoryURL = "https://github.com/firebase/firebase-ios-sdk";
			requirement = {
				kind = upToNextMajorVersion;
				minimumVersion = 10.4.0;
			};
		};
/* End XCRemoteSwiftPackageReference section */

/* Begin XCSwiftPackageProductDependency section */
		58EBB59029F9AD1A0064D969 /* FirebaseAuth */ = {
			isa = XCSwiftPackageProductDependency;
			package = 58EBB58F29F9AD1A0064D969 /* XCRemoteSwiftPackageReference "firebase-ios-sdk" */;
			productName = FirebaseAuth;
		};
		58EBB59229F9AD1A0064D969 /* FirebaseFirestore */ = {
			isa = XCSwiftPackageProductDependency;
			package = 58EBB58F29F9AD1A0064D969 /* XCRemoteSwiftPackageReference "firebase-ios-sdk" */;
			productName = FirebaseFirestore;
		};
/* End XCSwiftPackageProductDependency section */
	};
	rootObject = 58EBB56E29F9AA6C0064D969 /* Project object */;
}
